<Solution>
  <Project Path="Assembly-CSharp.csproj" />
  <Project Path="JBooth.MicroVerseCore.csproj" />
  <Project Path="Assembly-CSharp-Editor.csproj" />
  <Project Path="Gley.Common.Editor.csproj" />
  <Project Path="Gley.UrbanSystem.csproj" />
  <Project Path="JBooth.MicroVerseCore.Editor.csproj" />
  <Project Path="JBooth.MicroVerseCore.Demo.csproj" />
  <Project Path="Gley.PedestrianSystem.Editor.csproj" />
  <Project Path="Gley.PedestrianSystem.csproj" />
  <Project Path="Gley.UrbanSystem.Editor.csproj" />
  <Project Path="JBooth.MicroVerseRoadShader.Editor.csproj" />
  <Project Path="Gley.PedestrianSystem.User.csproj" />
  <Project Path="Gley.About.Editor.csproj" />
  <Project Path="JBooth.MicroVerse.ShaderPackagerEditor.csproj" />
  <Project Path="JBooth.MicroVerseCore.Demo.TimeOfDay.Editor.csproj" />
  <Project Path="JBooth.MicroVerseCore.Roads.Demo.csproj" />
  <Project Path="JBooth.MicroVerseCore.Demo.TimeOfDay.Runtime.csproj" />
</Solution>
